github.com/McShelby/hugo-theme-relearn v0.0.0-20240127110639-eaabbfd6ef20 h1:HxDY/RdVVxvCwrXYpQelZmisrgb9125oj10wEgMdkno=
github.com/McShelby/hugo-theme-relearn v0.0.0-20240127110639-eaabbfd6ef20/go.mod h1:mKQQdxZNIlLvAj8X3tMq+RzntIJSr9z7XdzuMomt0IM=
github.com/McShelby/hugo-theme-relearn v0.0.0-20240704062354-1b2e13951210 h1:o0me5c7DKeJKVgVjrWGr5kWGnbqKSLx/oqsgvGzWLOs=
github.com/McShelby/hugo-theme-relearn v0.0.0-20240704062354-1b2e13951210/go.mod h1:mKQQdxZNIlLvAj8X3tMq+RzntIJSr9z7XdzuMomt0IM=
github.com/McShelby/hugo-theme-relearn v0.0.0-20250211222910-a3e0b7f4f469 h1:HVHy7URMPJyvIYGWbrW8gSst5drNthPLRmnO1CxvEu8=
github.com/McShelby/hugo-theme-relearn v0.0.0-20250211222910-a3e0b7f4f469/go.mod h1:mKQQdxZNIlLvAj8X3tMq+RzntIJSr9z7XdzuMomt0IM=
